
Microsoft Visual Studio Solution File, Format Version 12.00
#
Project("{FAE04EC0-301F-11D3-BF4B-00C04F79EFBC}") = "EnergymApi", "EnergymApi\EnergymApi.csproj", "{CBC9904D-26A9-47EF-B3D7-1C6E2EDB2431}"
EndProject
Project("{FAE04EC0-301F-11D3-BF4B-00C04F79EFBC}") = "EnergymTests", "EnergymTests\EnergymTests.csproj", "{FE6DD9AD-E03E-4649-B2AF-66DE4B548A46}"
EndProject
Global
	GlobalSection(SolutionConfigurationPlatforms) = preSolution
		Debug|Any CPU = Debug|Any CPU
		Release|Any CPU = Release|Any CPU
	EndGlobalSection
	GlobalSection(ProjectConfigurationPlatforms) = postSolution
		{CBC9904D-26A9-47EF-B3D7-1C6E2EDB2431}.Debug|Any CPU.ActiveCfg = Debug|Any CPU
		{CBC9904D-26A9-47EF-B3D7-1C6E2EDB2431}.Debug|Any CPU.Build.0 = Debug|Any CPU
		{CBC9904D-26A9-47EF-B3D7-1C6E2EDB2431}.Release|Any CPU.ActiveCfg = Release|Any CPU
		{CBC9904D-26A9-47EF-B3D7-1C6E2EDB2431}.Release|Any CPU.Build.0 = Release|Any CPU
		{FE6DD9AD-E03E-4649-B2AF-66DE4B548A46}.Debug|Any CPU.ActiveCfg = Debug|Any CPU
		{FE6DD9AD-E03E-4649-B2AF-66DE4B548A46}.Debug|Any CPU.Build.0 = Debug|Any CPU
		{FE6DD9AD-E03E-4649-B2AF-66DE4B548A46}.Release|Any CPU.ActiveCfg = Release|Any CPU
		{FE6DD9AD-E03E-4649-B2AF-66DE4B548A46}.Release|Any CPU.Build.0 = Release|Any CPU
	EndGlobalSection
EndGlobal
