
Microsoft Visual Studio Solution File, Format Version 12.00
Project("{FAE04EC0-301F-11D3-BF4B-00C04F79EFBC}") = "EnergymApi", "EnergymApi.csproj", "{D5516D66-C4FC-4191-A356-C9A6237F34EA}"
EndProject
Global
	GlobalSection(SolutionConfigurationPlatforms) = preSolution
		Debug|Any CPU = Debug|Any CPU
		Release|Any CPU = Release|Any CPU
	EndGlobalSection
	GlobalSection(ProjectConfigurationPlatforms) = postSolution
		{D5516D66-C4FC-4191-A356-C9A6237F34EA}.Debug|Any CPU.ActiveCfg = Debug|Any CPU
		{D5516D66-C4FC-4191-A356-C9A6237F34EA}.Debug|Any CPU.Build.0 = Debug|Any CPU
		{D5516D66-C4FC-4191-A356-C9A6237F34EA}.Release|Any CPU.ActiveCfg = Release|Any CPU
		{D5516D66-C4FC-4191-A356-C9A6237F34EA}.Release|Any CPU.Build.0 = Release|Any CPU
	EndGlobalSection
EndGlobal
